// !$*UTF8*$!
{
	archiveVersion = 1;
	classes = {
	};
	objectVersion = 46;
	objects = {

/* Begin PBXBuildFile section */
		531372C69CCF248E647B90B5 /* Pods_MovieNightUITests.framework in Frameworks */ = {isa = PBXBuildFile; fileRef = B038AF7F583AAF15E245DCE3 /* Pods_MovieNightUITests.framework */; };
		6B28D4F41E03092B006B19C5 /* ListViewController.swift in Sources */ = {isa = PBXBuildFile; fileRef = 6B28D4F31E03092B006B19C5 /* ListViewController.swift */; };
		6B28D4FA1E030BD5006B19C5 /* Listable.swift in Sources */ = {isa = PBXBuildFile; fileRef = 6B28D4F91E030BD5006B19C5 /* Listable.swift */; };
		6B28D4FC1E0326D3006B19C5 /* ListCell.swift in Sources */ = {isa = PBXBuildFile; fileRef = 6B28D4FB1E0326D3006B19C5 /* ListCell.swift */; };
		6B28D4FE1E0334FA006B19C5 /* PreferenceCell.swift in Sources */ = {isa = PBXBuildFile; fileRef = 6B28D4FD1E0334FA006B19C5 /* PreferenceCell.swift */; };
		6B28D5021E033A53006B19C5 /* PhotoListViewController.swift in Sources */ = {isa = PBXBuildFile; fileRef = 6B28D5011E033A53006B19C5 /* PhotoListViewController.swift */; };
		6B28D5041E033A8C006B19C5 /* PhotoListable.swift in Sources */ = {isa = PBXBuildFile; fileRef = 6B28D5031E033A8C006B19C5 /* PhotoListable.swift */; };
		6B28D5061E033D97006B19C5 /* PhotoListCell.swift in Sources */ = {isa = PBXBuildFile; fileRef = 6B28D5051E033D97006B19C5 /* PhotoListCell.swift */; };
		6B28D5081E03A2EE006B19C5 /* UIImageExtensions.swift in Sources */ = {isa = PBXBuildFile; fileRef = 6B28D5071E03A2EE006B19C5 /* UIImageExtensions.swift */; };
		6B28D50A1E0429F8006B19C5 /* MyColors.swift in Sources */ = {isa = PBXBuildFile; fileRef = 6B28D5091E0429F8006B19C5 /* MyColors.swift */; };
		6B28D50E1E042B82006B19C5 /* SoundManager.swift in Sources */ = {isa = PBXBuildFile; fileRef = 6B28D50C1E042B82006B19C5 /* SoundManager.swift */; };
		6B28D50F1E042B82006B19C5 /* Alert.wav in Resources */ = {isa = PBXBuildFile; fileRef = 6B28D50D1E042B82006B19C5 /* Alert.wav */; };
		6B28D5111E042C0A006B19C5 /* Click.wav in Resources */ = {isa = PBXBuildFile; fileRef = 6B28D5101E042C0A006B19C5 /* Click.wav */; };
		6B28D5151E047FA7006B19C5 /* MovieCell.swift in Sources */ = {isa = PBXBuildFile; fileRef = 6B28D5141E047FA7006B19C5 /* MovieCell.swift */; };
		6B28D5171E04A1D1006B19C5 /* StringExtensions.swift in Sources */ = {isa = PBXBuildFile; fileRef = 6B28D5161E04A1D1006B19C5 /* StringExtensions.swift */; };
		6B28D5191E04DB3E006B19C5 /* UIViewExtensions.swift in Sources */ = {isa = PBXBuildFile; fileRef = 6B28D5181E04DB3E006B19C5 /* UIViewExtensions.swift */; };
		6B28D51B1E055942006B19C5 /* PrioritizableResult.swift in Sources */ = {isa = PBXBuildFile; fileRef = 6B28D51A1E055942006B19C5 /* PrioritizableResult.swift */; };
		6B28D51D1E05698D006B19C5 /* ResultPriority.swift in Sources */ = {isa = PBXBuildFile; fileRef = 6B28D51C1E05698D006B19C5 /* ResultPriority.swift */; };
		6B28D5211E0578CA006B19C5 /* MovieDetailViewController.swift in Sources */ = {isa = PBXBuildFile; fileRef = 6B28D5201E0578CA006B19C5 /* MovieDetailViewController.swift */; };
		6BB0A5F21E077A85009E816A /* Tada.wav in Resources */ = {isa = PBXBuildFile; fileRef = 6BB0A5F11E077A85009E816A /* Tada.wav */; };
		6BB0A5F41E077BF1009E816A /* ResultsViewController.swift in Sources */ = {isa = PBXBuildFile; fileRef = 6BB0A5F31E077BF1009E816A /* ResultsViewController.swift */; };
		6BBB37B11E06CAD400A2E367 /* ProcessingViewController.swift in Sources */ = {isa = PBXBuildFile; fileRef = 6BBB37B01E06CAD400A2E367 /* ProcessingViewController.swift */; };
		6BBB37B31E06D10300A2E367 /* MovieListViewController.swift in Sources */ = {isa = PBXBuildFile; fileRef = 6BBB37B21E06D10300A2E367 /* MovieListViewController.swift */; };
		6BD984F61DFD893600CDA47F /* AppDelegate.swift in Sources */ = {isa = PBXBuildFile; fileRef = 6BD984F51DFD893600CDA47F /* AppDelegate.swift */; };
		6BD984FB1DFD893600CDA47F /* Main.storyboard in Resources */ = {isa = PBXBuildFile; fileRef = 6BD984F91DFD893600CDA47F /* Main.storyboard */; };
		6BD984FD1DFD893600CDA47F /* Assets.xcassets in Resources */ = {isa = PBXBuildFile; fileRef = 6BD984FC1DFD893600CDA47F /* Assets.xcassets */; };
		6BD985001DFD893600CDA47F /* LaunchScreen.storyboard in Resources */ = {isa = PBXBuildFile; fileRef = 6BD984FE1DFD893600CDA47F /* LaunchScreen.storyboard */; };
		6BD9850B1DFD893600CDA47F /* MovieNightTests.swift in Sources */ = {isa = PBXBuildFile; fileRef = 6BD9850A1DFD893600CDA47F /* MovieNightTests.swift */; };
		6BD985161DFD893600CDA47F /* MovieNightUITests.swift in Sources */ = {isa = PBXBuildFile; fileRef = 6BD985151DFD893600CDA47F /* MovieNightUITests.swift */; };
		6BD985241DFD8F1800CDA47F /* SetUpViewController.swift in Sources */ = {isa = PBXBuildFile; fileRef = 6BD985231DFD8F1800CDA47F /* SetUpViewController.swift */; };
		6BD985261DFD8F3F00CDA47F /* SetUpTableViewCell.swift in Sources */ = {isa = PBXBuildFile; fileRef = 6BD985251DFD8F3F00CDA47F /* SetUpTableViewCell.swift */; };
		6BD985281DFD904000CDA47F /* UserDefaultsKey.swift in Sources */ = {isa = PBXBuildFile; fileRef = 6BD985271DFD904000CDA47F /* UserDefaultsKey.swift */; };
		6BD9852A1DFDA62F00CDA47F /* EditUserViewController.swift in Sources */ = {isa = PBXBuildFile; fileRef = 6BD985291DFDA62F00CDA47F /* EditUserViewController.swift */; };
		6BD9852C1DFDA63F00CDA47F /* EditUserDelegate.swift in Sources */ = {isa = PBXBuildFile; fileRef = 6BD9852B1DFDA63F00CDA47F /* EditUserDelegate.swift */; };
		6BD9852E1DFE526300CDA47F /* PassDeviceViewController.swift in Sources */ = {isa = PBXBuildFile; fileRef = 6BD9852D1DFE526300CDA47F /* PassDeviceViewController.swift */; };
		6BD9853C1DFF188100CDA47F /* DateExtensions.swift in Sources */ = {isa = PBXBuildFile; fileRef = 6BD9853A1DFF188100CDA47F /* DateExtensions.swift */; };
		6BD9853D1DFF188100CDA47F /* DictionaryAddValuesFromDictionary.swift in Sources */ = {isa = PBXBuildFile; fileRef = 6BD9853B1DFF188100CDA47F /* DictionaryAddValuesFromDictionary.swift */; };
		6BD985421DFF189B00CDA47F /* APIClient.swift in Sources */ = {isa = PBXBuildFile; fileRef = 6BD9853E1DFF189B00CDA47F /* APIClient.swift */; };
		6BD985431DFF189B00CDA47F /* TMBDAPIClient.swift in Sources */ = {isa = PBXBuildFile; fileRef = 6BD9853F1DFF189B00CDA47F /* TMBDAPIClient.swift */; };
		6BD985441DFF189B00CDA47F /* TMBDEndpoint.swift in Sources */ = {isa = PBXBuildFile; fileRef = 6BD985401DFF189B00CDA47F /* TMBDEndpoint.swift */; };
		6BD985451DFF189B00CDA47F /* Parseable.swift in Sources */ = {isa = PBXBuildFile; fileRef = 6BD985411DFF189B00CDA47F /* Parseable.swift */; };
		6BD9854E1DFF18BB00CDA47F /* Key.swift in Sources */ = {isa = PBXBuildFile; fileRef = 6BD985461DFF18BB00CDA47F /* Key.swift */; };
		6BD9854F1DFF18BB00CDA47F /* MovieEra.swift in Sources */ = {isa = PBXBuildFile; fileRef = 6BD985471DFF18BB00CDA47F /* MovieEra.swift */; };
		6BD985511DFF18BB00CDA47F /* Genre.swift in Sources */ = {isa = PBXBuildFile; fileRef = 6BD985491DFF18BB00CDA47F /* Genre.swift */; };
		6BD985521DFF18BB00CDA47F /* Movie.swift in Sources */ = {isa = PBXBuildFile; fileRef = 6BD9854A1DFF18BB00CDA47F /* Movie.swift */; };
		6BD985531DFF18BB00CDA47F /* Person.swift in Sources */ = {isa = PBXBuildFile; fileRef = 6BD9854B1DFF18BB00CDA47F /* Person.swift */; };
		6BD985541DFF18BB00CDA47F /* DiscoverType.swift in Sources */ = {isa = PBXBuildFile; fileRef = 6BD9854C1DFF18BB00CDA47F /* DiscoverType.swift */; };
		6BD985551DFF18BB00CDA47F /* HasHTTPParameters.swift in Sources */ = {isa = PBXBuildFile; fileRef = 6BD9854D1DFF18BB00CDA47F /* HasHTTPParameters.swift */; };
		6BD985571DFF18F300CDA47F /* JSONInitable.swift in Sources */ = {isa = PBXBuildFile; fileRef = 6BD985561DFF18F300CDA47F /* JSONInitable.swift */; };
		6BD9855B1DFF480200CDA47F /* UserSelection.swift in Sources */ = {isa = PBXBuildFile; fileRef = 6BD9855A1DFF480200CDA47F /* UserSelection.swift */; };
		6BD9855D1DFF489700CDA47F /* Model.swift in Sources */ = {isa = PBXBuildFile; fileRef = 6BD9855C1DFF489700CDA47F /* Model.swift */; };
		6BD9855F1DFF4A4100CDA47F /* PreferenceType.swift in Sources */ = {isa = PBXBuildFile; fileRef = 6BD9855E1DFF4A4100CDA47F /* PreferenceType.swift */; };
		6BD985611DFF4B1200CDA47F /* PreferenceTypeListViewController.swift in Sources */ = {isa = PBXBuildFile; fileRef = 6BD985601DFF4B1200CDA47F /* PreferenceTypeListViewController.swift */; };
		6BD9859F1DFF4E8400CDA47F /* UserSelectionDelegate.swift in Sources */ = {isa = PBXBuildFile; fileRef = 6BD9859E1DFF4E8400CDA47F /* UserSelectionDelegate.swift */; };
		6BD985A31E00401600CDA47F /* UserNameDelegate.swift in Sources */ = {isa = PBXBuildFile; fileRef = 6BD985A21E00401600CDA47F /* UserNameDelegate.swift */; };
		6BD985A71E0186A600CDA47F /* UIColorExtensions.swift in Sources */ = {isa = PBXBuildFile; fileRef = 6BD985A61E0186A600CDA47F /* UIColorExtensions.swift */; };
		7334860610AD9D91CFDAF8AD /* Pods_MovieNight.framework in Frameworks */ = {isa = PBXBuildFile; fileRef = 3432DF90DD6A8ADF3AA83762 /* Pods_MovieNight.framework */; };
		BEAC041D47D01F6FC2470855 /* Pods_MovieNightTests.framework in Frameworks */ = {isa = PBXBuildFile; fileRef = 5F306E7F8CD482DD692772E1 /* Pods_MovieNightTests.framework */; };
/* End PBXBuildFile section */

/* Begin PBXContainerItemProxy section */
		6BD985071DFD893600CDA47F /* PBXContainerItemProxy */ = {
			isa = PBXContainerItemProxy;
			containerPortal = 6BD984EA1DFD893600CDA47F /* Project object */;
			proxyType = 1;
			remoteGlobalIDString = 6BD984F11DFD893600CDA47F;
			remoteInfo = MovieNight;
		};
		6BD985121DFD893600CDA47F /* PBXContainerItemProxy */ = {
			isa = PBXContainerItemProxy;
			containerPortal = 6BD984EA1DFD893600CDA47F /* Project object */;
			proxyType = 1;
			remoteGlobalIDString = 6BD984F11DFD893600CDA47F;
			remoteInfo = MovieNight;
		};
/* End PBXContainerItemProxy section */

/* Begin PBXFileReference section */
		18B2267CD7BE7780749D313A /* Pods-MovieNightUITests.release.xcconfig */ = {isa = PBXFileReference; includeInIndex = 1; lastKnownFileType = text.xcconfig; name = "Pods-MovieNightUITests.release.xcconfig"; path = "Pods/Target Support Files/Pods-MovieNightUITests/Pods-MovieNightUITests.release.xcconfig"; sourceTree = "<group>"; };
		3432DF90DD6A8ADF3AA83762 /* Pods_MovieNight.framework */ = {isa = PBXFileReference; explicitFileType = wrapper.framework; includeInIndex = 0; path = Pods_MovieNight.framework; sourceTree = BUILT_PRODUCTS_DIR; };
		36BE297DBB9DF3931B5D3450 /* Pods-MovieNightUITests.debug.xcconfig */ = {isa = PBXFileReference; includeInIndex = 1; lastKnownFileType = text.xcconfig; name = "Pods-MovieNightUITests.debug.xcconfig"; path = "Pods/Target Support Files/Pods-MovieNightUITests/Pods-MovieNightUITests.debug.xcconfig"; sourceTree = "<group>"; };
		3FC23BA52758600A58478ECF /* Pods-MovieNight.debug.xcconfig */ = {isa = PBXFileReference; includeInIndex = 1; lastKnownFileType = text.xcconfig; name = "Pods-MovieNight.debug.xcconfig"; path = "Pods/Target Support Files/Pods-MovieNight/Pods-MovieNight.debug.xcconfig"; sourceTree = "<group>"; };
		5CE7726067EF64EEC4941436 /* Pods-MovieNightTests.release.xcconfig */ = {isa = PBXFileReference; includeInIndex = 1; lastKnownFileType = text.xcconfig; name = "Pods-MovieNightTests.release.xcconfig"; path = "Pods/Target Support Files/Pods-MovieNightTests/Pods-MovieNightTests.release.xcconfig"; sourceTree = "<group>"; };
		5F306E7F8CD482DD692772E1 /* Pods_MovieNightTests.framework */ = {isa = PBXFileReference; explicitFileType = wrapper.framework; includeInIndex = 0; path = Pods_MovieNightTests.framework; sourceTree = BUILT_PRODUCTS_DIR; };
		632020CAD514E61208AF8597 /* Pods-MovieNight.release.xcconfig */ = {isa = PBXFileReference; includeInIndex = 1; lastKnownFileType = text.xcconfig; name = "Pods-MovieNight.release.xcconfig"; path = "Pods/Target Support Files/Pods-MovieNight/Pods-MovieNight.release.xcconfig"; sourceTree = "<group>"; };
		6B28D4F31E03092B006B19C5 /* ListViewController.swift */ = {isa = PBXFileReference; fileEncoding = 4; lastKnownFileType = sourcecode.swift; path = ListViewController.swift; sourceTree = "<group>"; };
		6B28D4F91E030BD5006B19C5 /* Listable.swift */ = {isa = PBXFileReference; fileEncoding = 4; lastKnownFileType = sourcecode.swift; path = Listable.swift; sourceTree = "<group>"; };
		6B28D4FB1E0326D3006B19C5 /* ListCell.swift */ = {isa = PBXFileReference; fileEncoding = 4; lastKnownFileType = sourcecode.swift; path = ListCell.swift; sourceTree = "<group>"; };
		6B28D4FD1E0334FA006B19C5 /* PreferenceCell.swift */ = {isa = PBXFileReference; fileEncoding = 4; lastKnownFileType = sourcecode.swift; path = PreferenceCell.swift; sourceTree = "<group>"; };
		6B28D5011E033A53006B19C5 /* PhotoListViewController.swift */ = {isa = PBXFileReference; fileEncoding = 4; lastKnownFileType = sourcecode.swift; path = PhotoListViewController.swift; sourceTree = "<group>"; };
		6B28D5031E033A8C006B19C5 /* PhotoListable.swift */ = {isa = PBXFileReference; fileEncoding = 4; lastKnownFileType = sourcecode.swift; path = PhotoListable.swift; sourceTree = "<group>"; };
		6B28D5051E033D97006B19C5 /* PhotoListCell.swift */ = {isa = PBXFileReference; fileEncoding = 4; lastKnownFileType = sourcecode.swift; path = PhotoListCell.swift; sourceTree = "<group>"; };
		6B28D5071E03A2EE006B19C5 /* UIImageExtensions.swift */ = {isa = PBXFileReference; fileEncoding = 4; lastKnownFileType = sourcecode.swift; path = UIImageExtensions.swift; sourceTree = "<group>"; };
		6B28D5091E0429F8006B19C5 /* MyColors.swift */ = {isa = PBXFileReference; fileEncoding = 4; lastKnownFileType = sourcecode.swift; path = MyColors.swift; sourceTree = "<group>"; };
		6B28D50C1E042B82006B19C5 /* SoundManager.swift */ = {isa = PBXFileReference; fileEncoding = 4; lastKnownFileType = sourcecode.swift; path = SoundManager.swift; sourceTree = "<group>"; };
		6B28D50D1E042B82006B19C5 /* Alert.wav */ = {isa = PBXFileReference; lastKnownFileType = audio.wav; path = Alert.wav; sourceTree = "<group>"; };
		6B28D5101E042C0A006B19C5 /* Click.wav */ = {isa = PBXFileReference; lastKnownFileType = audio.wav; path = Click.wav; sourceTree = "<group>"; };
		6B28D5141E047FA7006B19C5 /* MovieCell.swift */ = {isa = PBXFileReference; fileEncoding = 4; lastKnownFileType = sourcecode.swift; path = MovieCell.swift; sourceTree = "<group>"; };
		6B28D5161E04A1D1006B19C5 /* StringExtensions.swift */ = {isa = PBXFileReference; fileEncoding = 4; lastKnownFileType = sourcecode.swift; path = StringExtensions.swift; sourceTree = "<group>"; };
		6B28D5181E04DB3E006B19C5 /* UIViewExtensions.swift */ = {isa = PBXFileReference; fileEncoding = 4; lastKnownFileType = sourcecode.swift; path = UIViewExtensions.swift; sourceTree = "<group>"; };
		6B28D51A1E055942006B19C5 /* PrioritizableResult.swift */ = {isa = PBXFileReference; fileEncoding = 4; lastKnownFileType = sourcecode.swift; path = PrioritizableResult.swift; sourceTree = "<group>"; };
		6B28D51C1E05698D006B19C5 /* ResultPriority.swift */ = {isa = PBXFileReference; fileEncoding = 4; lastKnownFileType = sourcecode.swift; path = ResultPriority.swift; sourceTree = "<group>"; };
		6B28D5201E0578CA006B19C5 /* MovieDetailViewController.swift */ = {isa = PBXFileReference; fileEncoding = 4; lastKnownFileType = sourcecode.swift; path = MovieDetailViewController.swift; sourceTree = "<group>"; };
		6BB0A5F11E077A85009E816A /* Tada.wav */ = {isa = PBXFileReference; lastKnownFileType = audio.wav; path = Tada.wav; sourceTree = "<group>"; };
		6BB0A5F31E077BF1009E816A /* ResultsViewController.swift */ = {isa = PBXFileReference; fileEncoding = 4; lastKnownFileType = sourcecode.swift; path = ResultsViewController.swift; sourceTree = "<group>"; };
		6BBB37B01E06CAD400A2E367 /* ProcessingViewController.swift */ = {isa = PBXFileReference; fileEncoding = 4; lastKnownFileType = sourcecode.swift; path = ProcessingViewController.swift; sourceTree = "<group>"; };
		6BBB37B21E06D10300A2E367 /* MovieListViewController.swift */ = {isa = PBXFileReference; fileEncoding = 4; lastKnownFileType = sourcecode.swift; path = MovieListViewController.swift; sourceTree = "<group>"; };
		6BD984F21DFD893600CDA47F /* MovieNight.app */ = {isa = PBXFileReference; explicitFileType = wrapper.application; includeInIndex = 0; path = MovieNight.app; sourceTree = BUILT_PRODUCTS_DIR; };
		6BD984F51DFD893600CDA47F /* AppDelegate.swift */ = {isa = PBXFileReference; lastKnownFileType = sourcecode.swift; path = AppDelegate.swift; sourceTree = "<group>"; };
		6BD984FA1DFD893600CDA47F /* Base */ = {isa = PBXFileReference; lastKnownFileType = file.storyboard; name = Base; path = Base.lproj/Main.storyboard; sourceTree = "<group>"; };
		6BD984FC1DFD893600CDA47F /* Assets.xcassets */ = {isa = PBXFileReference; lastKnownFileType = folder.assetcatalog; path = Assets.xcassets; sourceTree = "<group>"; };
		6BD984FF1DFD893600CDA47F /* Base */ = {isa = PBXFileReference; lastKnownFileType = file.storyboard; name = Base; path = Base.lproj/LaunchScreen.storyboard; sourceTree = "<group>"; };
		6BD985011DFD893600CDA47F /* Info.plist */ = {isa = PBXFileReference; lastKnownFileType = text.plist.xml; path = Info.plist; sourceTree = "<group>"; };
		6BD985061DFD893600CDA47F /* MovieNightTests.xctest */ = {isa = PBXFileReference; explicitFileType = wrapper.cfbundle; includeInIndex = 0; path = MovieNightTests.xctest; sourceTree = BUILT_PRODUCTS_DIR; };
		6BD9850A1DFD893600CDA47F /* MovieNightTests.swift */ = {isa = PBXFileReference; lastKnownFileType = sourcecode.swift; path = MovieNightTests.swift; sourceTree = "<group>"; };
		6BD9850C1DFD893600CDA47F /* Info.plist */ = {isa = PBXFileReference; lastKnownFileType = text.plist.xml; path = Info.plist; sourceTree = "<group>"; };
		6BD985111DFD893600CDA47F /* MovieNightUITests.xctest */ = {isa = PBXFileReference; explicitFileType = wrapper.cfbundle; includeInIndex = 0; path = MovieNightUITests.xctest; sourceTree = BUILT_PRODUCTS_DIR; };
		6BD985151DFD893600CDA47F /* MovieNightUITests.swift */ = {isa = PBXFileReference; lastKnownFileType = sourcecode.swift; path = MovieNightUITests.swift; sourceTree = "<group>"; };
		6BD985171DFD893700CDA47F /* Info.plist */ = {isa = PBXFileReference; lastKnownFileType = text.plist.xml; path = Info.plist; sourceTree = "<group>"; };
		6BD985231DFD8F1800CDA47F /* SetUpViewController.swift */ = {isa = PBXFileReference; fileEncoding = 4; lastKnownFileType = sourcecode.swift; path = SetUpViewController.swift; sourceTree = "<group>"; };
		6BD985251DFD8F3F00CDA47F /* SetUpTableViewCell.swift */ = {isa = PBXFileReference; fileEncoding = 4; lastKnownFileType = sourcecode.swift; path = SetUpTableViewCell.swift; sourceTree = "<group>"; };
		6BD985271DFD904000CDA47F /* UserDefaultsKey.swift */ = {isa = PBXFileReference; fileEncoding = 4; lastKnownFileType = sourcecode.swift; name = UserDefaultsKey.swift; path = MovieNight/UserDefaultsKey.swift; sourceTree = "<group>"; };
		6BD985291DFDA62F00CDA47F /* EditUserViewController.swift */ = {isa = PBXFileReference; fileEncoding = 4; lastKnownFileType = sourcecode.swift; path = EditUserViewController.swift; sourceTree = "<group>"; };
		6BD9852B1DFDA63F00CDA47F /* EditUserDelegate.swift */ = {isa = PBXFileReference; fileEncoding = 4; lastKnownFileType = sourcecode.swift; path = EditUserDelegate.swift; sourceTree = "<group>"; };
		6BD9852D1DFE526300CDA47F /* PassDeviceViewController.swift */ = {isa = PBXFileReference; fileEncoding = 4; lastKnownFileType = sourcecode.swift; path = PassDeviceViewController.swift; sourceTree = "<group>"; };
		6BD9853A1DFF188100CDA47F /* DateExtensions.swift */ = {isa = PBXFileReference; fileEncoding = 4; lastKnownFileType = sourcecode.swift; path = DateExtensions.swift; sourceTree = "<group>"; };
		6BD9853B1DFF188100CDA47F /* DictionaryAddValuesFromDictionary.swift */ = {isa = PBXFileReference; fileEncoding = 4; lastKnownFileType = sourcecode.swift; path = DictionaryAddValuesFromDictionary.swift; sourceTree = "<group>"; };
		6BD9853E1DFF189B00CDA47F /* APIClient.swift */ = {isa = PBXFileReference; fileEncoding = 4; lastKnownFileType = sourcecode.swift; path = APIClient.swift; sourceTree = "<group>"; };
		6BD9853F1DFF189B00CDA47F /* TMBDAPIClient.swift */ = {isa = PBXFileReference; fileEncoding = 4; lastKnownFileType = sourcecode.swift; path = TMBDAPIClient.swift; sourceTree = "<group>"; };
		6BD985401DFF189B00CDA47F /* TMBDEndpoint.swift */ = {isa = PBXFileReference; fileEncoding = 4; lastKnownFileType = sourcecode.swift; path = TMBDEndpoint.swift; sourceTree = "<group>"; };
		6BD985411DFF189B00CDA47F /* Parseable.swift */ = {isa = PBXFileReference; fileEncoding = 4; lastKnownFileType = sourcecode.swift; path = Parseable.swift; sourceTree = "<group>"; };
		6BD985461DFF18BB00CDA47F /* Key.swift */ = {isa = PBXFileReference; fileEncoding = 4; lastKnownFileType = sourcecode.swift; path = Key.swift; sourceTree = "<group>"; };
		6BD985471DFF18BB00CDA47F /* MovieEra.swift */ = {isa = PBXFileReference; fileEncoding = 4; lastKnownFileType = sourcecode.swift; path = MovieEra.swift; sourceTree = "<group>"; };
		6BD985491DFF18BB00CDA47F /* Genre.swift */ = {isa = PBXFileReference; fileEncoding = 4; lastKnownFileType = sourcecode.swift; path = Genre.swift; sourceTree = "<group>"; };
		6BD9854A1DFF18BB00CDA47F /* Movie.swift */ = {isa = PBXFileReference; fileEncoding = 4; lastKnownFileType = sourcecode.swift; path = Movie.swift; sourceTree = "<group>"; };
		6BD9854B1DFF18BB00CDA47F /* Person.swift */ = {isa = PBXFileReference; fileEncoding = 4; lastKnownFileType = sourcecode.swift; path = Person.swift; sourceTree = "<group>"; };
		6BD9854C1DFF18BB00CDA47F /* DiscoverType.swift */ = {isa = PBXFileReference; fileEncoding = 4; lastKnownFileType = sourcecode.swift; path = DiscoverType.swift; sourceTree = "<group>"; };
		6BD9854D1DFF18BB00CDA47F /* HasHTTPParameters.swift */ = {isa = PBXFileReference; fileEncoding = 4; lastKnownFileType = sourcecode.swift; path = HasHTTPParameters.swift; sourceTree = "<group>"; };
		6BD985561DFF18F300CDA47F /* JSONInitable.swift */ = {isa = PBXFileReference; fileEncoding = 4; lastKnownFileType = sourcecode.swift; path = JSONInitable.swift; sourceTree = "<group>"; };
		6BD9855A1DFF480200CDA47F /* UserSelection.swift */ = {isa = PBXFileReference; fileEncoding = 4; lastKnownFileType = sourcecode.swift; path = UserSelection.swift; sourceTree = "<group>"; };
		6BD9855C1DFF489700CDA47F /* Model.swift */ = {isa = PBXFileReference; fileEncoding = 4; lastKnownFileType = sourcecode.swift; path = Model.swift; sourceTree = "<group>"; };
		6BD9855E1DFF4A4100CDA47F /* PreferenceType.swift */ = {isa = PBXFileReference; fileEncoding = 4; lastKnownFileType = sourcecode.swift; path = PreferenceType.swift; sourceTree = "<group>"; };
		6BD985601DFF4B1200CDA47F /* PreferenceTypeListViewController.swift */ = {isa = PBXFileReference; fileEncoding = 4; lastKnownFileType = sourcecode.swift; path = PreferenceTypeListViewController.swift; sourceTree = "<group>"; };
		6BD9859E1DFF4E8400CDA47F /* UserSelectionDelegate.swift */ = {isa = PBXFileReference; fileEncoding = 4; lastKnownFileType = sourcecode.swift; path = UserSelectionDelegate.swift; sourceTree = "<group>"; };
		6BD985A21E00401600CDA47F /* UserNameDelegate.swift */ = {isa = PBXFileReference; fileEncoding = 4; lastKnownFileType = sourcecode.swift; path = UserNameDelegate.swift; sourceTree = "<group>"; };
		6BD985A61E0186A600CDA47F /* UIColorExtensions.swift */ = {isa = PBXFileReference; fileEncoding = 4; lastKnownFileType = sourcecode.swift; path = UIColorExtensions.swift; sourceTree = "<group>"; };
		7D08C868A6EB1E88B827FB79 /* Pods-MovieNightTests.debug.xcconfig */ = {isa = PBXFileReference; includeInIndex = 1; lastKnownFileType = text.xcconfig; name = "Pods-MovieNightTests.debug.xcconfig"; path = "Pods/Target Support Files/Pods-MovieNightTests/Pods-MovieNightTests.debug.xcconfig"; sourceTree = "<group>"; };
		B038AF7F583AAF15E245DCE3 /* Pods_MovieNightUITests.framework */ = {isa = PBXFileReference; explicitFileType = wrapper.framework; includeInIndex = 0; path = Pods_MovieNightUITests.framework; sourceTree = BUILT_PRODUCTS_DIR; };
/* End PBXFileReference section */

/* Begin PBXFrameworksBuildPhase section */
		6BD984EF1DFD893600CDA47F /* Frameworks */ = {
			isa = PBXFrameworksBuildPhase;
			buildActionMask = 2147483647;
			files = (
				7334860610AD9D91CFDAF8AD /* Pods_MovieNight.framework in Frameworks */,
			);
			runOnlyForDeploymentPostprocessing = 0;
		};
		6BD985031DFD893600CDA47F /* Frameworks */ = {
			isa = PBXFrameworksBuildPhase;
			buildActionMask = 2147483647;
			files = (
				BEAC041D47D01F6FC2470855 /* Pods_MovieNightTests.framework in Frameworks */,
			);
			runOnlyForDeploymentPostprocessing = 0;
		};
		6BD9850E1DFD893600CDA47F /* Frameworks */ = {
			isa = PBXFrameworksBuildPhase;
			buildActionMask = 2147483647;
			files = (
				531372C69CCF248E647B90B5 /* Pods_MovieNightUITests.framework in Frameworks */,
			);
			runOnlyForDeploymentPostprocessing = 0;
		};
/* End PBXFrameworksBuildPhase section */

/* Begin PBXGroup section */
		6B28D50B1E042B60006B19C5 /* Sounds */ = {
			isa = PBXGroup;
			children = (
				6B28D50C1E042B82006B19C5 /* SoundManager.swift */,
				6B28D50D1E042B82006B19C5 /* Alert.wav */,
				6B28D5101E042C0A006B19C5 /* Click.wav */,
				6BB0A5F11E077A85009E816A /* Tada.wav */,
			);
			name = Sounds;
			sourceTree = "<group>";
		};
		6BD984E91DFD893600CDA47F = {
			isa = PBXGroup;
			children = (
				6B28D50B1E042B60006B19C5 /* Sounds */,
				6BD985381DFF185700CDA47F /* HomeGrown */,
				6BD985371DFF184F00CDA47F /* Networking */,
				6BD985391DFF186400CDA47F /* Model */,
				6BD984F41DFD893600CDA47F /* MovieNight */,
				6BD985091DFD893600CDA47F /* MovieNightTests */,
				6BD985141DFD893600CDA47F /* MovieNightUITests */,
				6BD984F31DFD893600CDA47F /* Products */,
				EDC67A7D4C7C3DC3093957F0 /* Pods */,
				79EB5F7EB4F0FE5A52E83030 /* Frameworks */,
			);
			sourceTree = "<group>";
		};
		6BD984F31DFD893600CDA47F /* Products */ = {
			isa = PBXGroup;
			children = (
				6BD984F21DFD893600CDA47F /* MovieNight.app */,
				6BD985061DFD893600CDA47F /* MovieNightTests.xctest */,
				6BD985111DFD893600CDA47F /* MovieNightUITests.xctest */,
			);
			name = Products;
			sourceTree = "<group>";
		};
		6BD984F41DFD893600CDA47F /* MovieNight */ = {
			isa = PBXGroup;
			children = (
				6BD984F51DFD893600CDA47F /* AppDelegate.swift */,
				6B28D5091E0429F8006B19C5 /* MyColors.swift */,
				6BD985231DFD8F1800CDA47F /* SetUpViewController.swift */,
				6BD985251DFD8F3F00CDA47F /* SetUpTableViewCell.swift */,
				6BD985291DFDA62F00CDA47F /* EditUserViewController.swift */,
				6BD9852B1DFDA63F00CDA47F /* EditUserDelegate.swift */,
				6BD9859E1DFF4E8400CDA47F /* UserSelectionDelegate.swift */,
				6BD985A21E00401600CDA47F /* UserNameDelegate.swift */,
				6BD9852D1DFE526300CDA47F /* PassDeviceViewController.swift */,
				6BD985601DFF4B1200CDA47F /* PreferenceTypeListViewController.swift */,
				6B28D4FD1E0334FA006B19C5 /* PreferenceCell.swift */,
				6B28D4F31E03092B006B19C5 /* ListViewController.swift */,
				6B28D4FB1E0326D3006B19C5 /* ListCell.swift */,
				6B28D5011E033A53006B19C5 /* PhotoListViewController.swift */,
				6B28D5051E033D97006B19C5 /* PhotoListCell.swift */,
				6BBB37B01E06CAD400A2E367 /* ProcessingViewController.swift */,
				6BBB37B21E06D10300A2E367 /* MovieListViewController.swift */,
				6B28D5141E047FA7006B19C5 /* MovieCell.swift */,
				6B28D5201E0578CA006B19C5 /* MovieDetailViewController.swift */,
				6BB0A5F31E077BF1009E816A /* ResultsViewController.swift */,
				6BD984F91DFD893600CDA47F /* Main.storyboard */,
				6BD984FC1DFD893600CDA47F /* Assets.xcassets */,
				6BD984FE1DFD893600CDA47F /* LaunchScreen.storyboard */,
				6BD985011DFD893600CDA47F /* Info.plist */,
			);
			path = MovieNight;
			sourceTree = "<group>";
		};
		6BD985091DFD893600CDA47F /* MovieNightTests */ = {
			isa = PBXGroup;
			children = (
				6BD9850A1DFD893600CDA47F /* MovieNightTests.swift */,
				6BD9850C1DFD893600CDA47F /* Info.plist */,
			);
			path = MovieNightTests;
			sourceTree = "<group>";
		};
		6BD985141DFD893600CDA47F /* MovieNightUITests */ = {
			isa = PBXGroup;
			children = (
				6BD985151DFD893600CDA47F /* MovieNightUITests.swift */,
				6BD985171DFD893700CDA47F /* Info.plist */,
			);
			path = MovieNightUITests;
			sourceTree = "<group>";
		};
		6BD985371DFF184F00CDA47F /* Networking */ = {
			isa = PBXGroup;
			children = (
				6BD9853E1DFF189B00CDA47F /* APIClient.swift */,
				6BD9853F1DFF189B00CDA47F /* TMBDAPIClient.swift */,
				6BD985401DFF189B00CDA47F /* TMBDEndpoint.swift */,
				6BD985461DFF18BB00CDA47F /* Key.swift */,
				6BD985411DFF189B00CDA47F /* Parseable.swift */,
				6BD985561DFF18F300CDA47F /* JSONInitable.swift */,
				6BD9854D1DFF18BB00CDA47F /* HasHTTPParameters.swift */,
			);
			name = Networking;
			sourceTree = "<group>";
		};
		6BD985381DFF185700CDA47F /* HomeGrown */ = {
			isa = PBXGroup;
			children = (
				6BD9853A1DFF188100CDA47F /* DateExtensions.swift */,
				6BD9853B1DFF188100CDA47F /* DictionaryAddValuesFromDictionary.swift */,
				6BD985A61E0186A600CDA47F /* UIColorExtensions.swift */,
				6B28D5071E03A2EE006B19C5 /* UIImageExtensions.swift */,
				6B28D5161E04A1D1006B19C5 /* StringExtensions.swift */,
				6B28D5181E04DB3E006B19C5 /* UIViewExtensions.swift */,
			);
			name = HomeGrown;
			sourceTree = "<group>";
		};
		6BD985391DFF186400CDA47F /* Model */ = {
			isa = PBXGroup;
			children = (
				6BD985491DFF18BB00CDA47F /* Genre.swift */,
				6BD9854A1DFF18BB00CDA47F /* Movie.swift */,
				6BD9854B1DFF18BB00CDA47F /* Person.swift */,
				6BD985471DFF18BB00CDA47F /* MovieEra.swift */,
				6BD9854C1DFF18BB00CDA47F /* DiscoverType.swift */,
				6BD985271DFD904000CDA47F /* UserDefaultsKey.swift */,
				6BD9855A1DFF480200CDA47F /* UserSelection.swift */,
				6BD9855E1DFF4A4100CDA47F /* PreferenceType.swift */,
				6B28D4F91E030BD5006B19C5 /* Listable.swift */,
				6B28D5031E033A8C006B19C5 /* PhotoListable.swift */,
				6B28D51C1E05698D006B19C5 /* ResultPriority.swift */,
				6B28D51A1E055942006B19C5 /* PrioritizableResult.swift */,
				6BD9855C1DFF489700CDA47F /* Model.swift */,
			);
			name = Model;
			sourceTree = "<group>";
		};
		79EB5F7EB4F0FE5A52E83030 /* Frameworks */ = {
			isa = PBXGroup;
			children = (
				3432DF90DD6A8ADF3AA83762 /* Pods_MovieNight.framework */,
				5F306E7F8CD482DD692772E1 /* Pods_MovieNightTests.framework */,
				B038AF7F583AAF15E245DCE3 /* Pods_MovieNightUITests.framework */,
			);
			name = Frameworks;
			sourceTree = "<group>";
		};
		EDC67A7D4C7C3DC3093957F0 /* Pods */ = {
			isa = PBXGroup;
			children = (
				3FC23BA52758600A58478ECF /* Pods-MovieNight.debug.xcconfig */,
				632020CAD514E61208AF8597 /* Pods-MovieNight.release.xcconfig */,
				7D08C868A6EB1E88B827FB79 /* Pods-MovieNightTests.debug.xcconfig */,
				5CE7726067EF64EEC4941436 /* Pods-MovieNightTests.release.xcconfig */,
				36BE297DBB9DF3931B5D3450 /* Pods-MovieNightUITests.debug.xcconfig */,
				18B2267CD7BE7780749D313A /* Pods-MovieNightUITests.release.xcconfig */,
			);
			name = Pods;
			sourceTree = "<group>";
		};
/* End PBXGroup section */

/* Begin PBXNativeTarget section */
		6BD984F11DFD893600CDA47F /* MovieNight */ = {
			isa = PBXNativeTarget;
			buildConfigurationList = 6BD9851A1DFD893700CDA47F /* Build configuration list for PBXNativeTarget "MovieNight" */;
			buildPhases = (
				35320823120888D4E17196CE /* [CP] Check Pods Manifest.lock */,
				6BD984EE1DFD893600CDA47F /* Sources */,
				6BD984EF1DFD893600CDA47F /* Frameworks */,
				6BD984F01DFD893600CDA47F /* Resources */,
				445B125F19C629746641DB80 /* [CP] Embed Pods Frameworks */,
				4478D41C5B8A60F466C3FCB5 /* [CP] Copy Pods Resources */,
			);
			buildRules = (
			);
			dependencies = (
			);
			name = MovieNight;
			productName = MovieNight;
			productReference = 6BD984F21DFD893600CDA47F /* MovieNight.app */;
			productType = "com.apple.product-type.application";
		};
		6BD985051DFD893600CDA47F /* MovieNightTests */ = {
			isa = PBXNativeTarget;
			buildConfigurationList = 6BD9851D1DFD893700CDA47F /* Build configuration list for PBXNativeTarget "MovieNightTests" */;
			buildPhases = (
				4838BC049037115D35B44D4F /* [CP] Check Pods Manifest.lock */,
				6BD985021DFD893600CDA47F /* Sources */,
				6BD985031DFD893600CDA47F /* Frameworks */,
				6BD985041DFD893600CDA47F /* Resources */,
				513AE8FDCA4933008DA98B19 /* [CP] Embed Pods Frameworks */,
				A25BDF24DE7E378DF4CCE925 /* [CP] Copy Pods Resources */,
			);
			buildRules = (
			);
			dependencies = (
				6BD985081DFD893600CDA47F /* PBXTargetDependency */,
			);
			name = MovieNightTests;
			productName = MovieNightTests;
			productReference = 6BD985061DFD893600CDA47F /* MovieNightTests.xctest */;
			productType = "com.apple.product-type.bundle.unit-test";
		};
		6BD985101DFD893600CDA47F /* MovieNightUITests */ = {
			isa = PBXNativeTarget;
			buildConfigurationList = 6BD985201DFD893700CDA47F /* Build configuration list for PBXNativeTarget "MovieNightUITests" */;
			buildPhases = (
				68122AEB14DF1B35BAC74B27 /* [CP] Check Pods Manifest.lock */,
				6BD9850D1DFD893600CDA47F /* Sources */,
				6BD9850E1DFD893600CDA47F /* Frameworks */,
				6BD9850F1DFD893600CDA47F /* Resources */,
				F484544833F4CA302C4AF4B6 /* [CP] Embed Pods Frameworks */,
				F195EF4387879771AAF43189 /* [CP] Copy Pods Resources */,
			);
			buildRules = (
			);
			dependencies = (
				6BD985131DFD893600CDA47F /* PBXTargetDependency */,
			);
			name = MovieNightUITests;
			productName = MovieNightUITests;
			productReference = 6BD985111DFD893600CDA47F /* MovieNightUITests.xctest */;
			productType = "com.apple.product-type.bundle.ui-testing";
		};
/* End PBXNativeTarget section */

/* Begin PBXProject section */
		6BD984EA1DFD893600CDA47F /* Project object */ = {
			isa = PBXProject;
			attributes = {
				LastSwiftUpdateCheck = 0800;
				LastUpgradeCheck = 0800;
				ORGANIZATIONNAME = redBred;
				TargetAttributes = {
					6BD984F11DFD893600CDA47F = {
						CreatedOnToolsVersion = 8.0;
						DevelopmentTeam = 646297YD5V;
						ProvisioningStyle = Automatic;
					};
					6BD985051DFD893600CDA47F = {
						CreatedOnToolsVersion = 8.0;
						DevelopmentTeam = 646297YD5V;
						ProvisioningStyle = Automatic;
						TestTargetID = 6BD984F11DFD893600CDA47F;
					};
					6BD985101DFD893600CDA47F = {
						CreatedOnToolsVersion = 8.0;
						DevelopmentTeam = 646297YD5V;
						ProvisioningStyle = Automatic;
						TestTargetID = 6BD984F11DFD893600CDA47F;
					};
				};
			};
			buildConfigurationList = 6BD984ED1DFD893600CDA47F /* Build configuration list for PBXProject "MovieNight" */;
			compatibilityVersion = "Xcode 3.2";
			developmentRegion = English;
			hasScannedForEncodings = 0;
			knownRegions = (
				en,
				Base,
			);
			mainGroup = 6BD984E91DFD893600CDA47F;
			productRefGroup = 6BD984F31DFD893600CDA47F /* Products */;
			projectDirPath = "";
			projectRoot = "";
			targets = (
				6BD984F11DFD893600CDA47F /* MovieNight */,
				6BD985051DFD893600CDA47F /* MovieNightTests */,
				6BD985101DFD893600CDA47F /* MovieNightUITests */,
			);
		};
/* End PBXProject section */

/* Begin PBXResourcesBuildPhase section */
		6BD984F01DFD893600CDA47F /* Resources */ = {
			isa = PBXResourcesBuildPhase;
			buildActionMask = 2147483647;
			files = (
				6BD985001DFD893600CDA47F /* LaunchScreen.storyboard in Resources */,
				6B28D50F1E042B82006B19C5 /* Alert.wav in Resources */,
				6BD984FD1DFD893600CDA47F /* Assets.xcassets in Resources */,
				6BD984FB1DFD893600CDA47F /* Main.storyboard in Resources */,
				6BB0A5F21E077A85009E816A /* Tada.wav in Resources */,
				6B28D5111E042C0A006B19C5 /* Click.wav in Resources */,
			);
			runOnlyForDeploymentPostprocessing = 0;
		};
		6BD985041DFD893600CDA47F /* Resources */ = {
			isa = PBXResourcesBuildPhase;
			buildActionMask = 2147483647;
			files = (
			);
			runOnlyForDeploymentPostprocessing = 0;
		};
		6BD9850F1DFD893600CDA47F /* Resources */ = {
			isa = PBXResourcesBuildPhase;
			buildActionMask = 2147483647;
			files = (
			);
			runOnlyForDeploymentPostprocessing = 0;
		};
/* End PBXResourcesBuildPhase section */

/* Begin PBXShellScriptBuildPhase section */
		35320823120888D4E17196CE /* [CP] Check Pods Manifest.lock */ = {
			isa = PBXShellScriptBuildPhase;
			buildActionMask = 2147483647;
			files = (
			);
			inputPaths = (
			);
			name = "[CP] Check Pods Manifest.lock";
			outputPaths = (
			);
			runOnlyForDeploymentPostprocessing = 0;
			shellPath = /bin/sh;
			shellScript = "diff \"${PODS_ROOT}/../Podfile.lock\" \"${PODS_ROOT}/Manifest.lock\" > /dev/null\nif [ $? != 0 ] ; then\n    # print error to STDERR\n    echo \"error: The sandbox is not in sync with the Podfile.lock. Run 'pod install' or update your CocoaPods installation.\" >&2\n    exit 1\nfi\n";
			showEnvVarsInLog = 0;
		};
		445B125F19C629746641DB80 /* [CP] Embed Pods Frameworks */ = {
			isa = PBXShellScriptBuildPhase;
			buildActionMask = 2147483647;
			files = (
			);
			inputPaths = (
			);
			name = "[CP] Embed Pods Frameworks";
			outputPaths = (
			);
			runOnlyForDeploymentPostprocessing = 0;
			shellPath = /bin/sh;
			shellScript = "\"${SRCROOT}/Pods/Target Support Files/Pods-MovieNight/Pods-MovieNight-frameworks.sh\"\n";
			showEnvVarsInLog = 0;
		};
		4478D41C5B8A60F466C3FCB5 /* [CP] Copy Pods Resources */ = {
			isa = PBXShellScriptBuildPhase;
			buildActionMask = 2147483647;
			files = (
			);
			inputPaths = (
			);
			name = "[CP] Copy Pods Resources";
			outputPaths = (
			);
			runOnlyForDeploymentPostprocessing = 0;
			shellPath = /bin/sh;
			shellScript = "\"${SRCROOT}/Pods/Target Support Files/Pods-MovieNight/Pods-MovieNight-resources.sh\"\n";
			showEnvVarsInLog = 0;
		};
		4838BC049037115D35B44D4F /* [CP] Check Pods Manifest.lock */ = {
			isa = PBXShellScriptBuildPhase;
			buildActionMask = 2147483647;
			files = (
			);
			inputPaths = (
			);
			name = "[CP] Check Pods Manifest.lock";
			outputPaths = (
			);
			runOnlyForDeploymentPostprocessing = 0;
			shellPath = /bin/sh;
			shellScript = "diff \"${PODS_ROOT}/../Podfile.lock\" \"${PODS_ROOT}/Manifest.lock\" > /dev/null\nif [ $? != 0 ] ; then\n    # print error to STDERR\n    echo \"error: The sandbox is not in sync with the Podfile.lock. Run 'pod install' or update your CocoaPods installation.\" >&2\n    exit 1\nfi\n";
			showEnvVarsInLog = 0;
		};
		513AE8FDCA4933008DA98B19 /* [CP] Embed Pods Frameworks */ = {
			isa = PBXShellScriptBuildPhase;
			buildActionMask = 2147483647;
			files = (
			);
			inputPaths = (
			);
			name = "[CP] Embed Pods Frameworks";
			outputPaths = (
			);
			runOnlyForDeploymentPostprocessing = 0;
			shellPath = /bin/sh;
			shellScript = "\"${SRCROOT}/Pods/Target Support Files/Pods-MovieNightTests/Pods-MovieNightTests-frameworks.sh\"\n";
			showEnvVarsInLog = 0;
		};
		68122AEB14DF1B35BAC74B27 /* [CP] Check Pods Manifest.lock */ = {
			isa = PBXShellScriptBuildPhase;
			buildActionMask = 2147483647;
			files = (
			);
			inputPaths = (
			);
			name = "[CP] Check Pods Manifest.lock";
			outputPaths = (
			);
			runOnlyForDeploymentPostprocessing = 0;
			shellPath = /bin/sh;
			shellScript = "diff \"${PODS_ROOT}/../Podfile.lock\" \"${PODS_ROOT}/Manifest.lock\" > /dev/null\nif [ $? != 0 ] ; then\n    # print error to STDERR\n    echo \"error: The sandbox is not in sync with the Podfile.lock. Run 'pod install' or update your CocoaPods installation.\" >&2\n    exit 1\nfi\n";
			showEnvVarsInLog = 0;
		};
		A25BDF24DE7E378DF4CCE925 /* [CP] Copy Pods Resources */ = {
			isa = PBXShellScriptBuildPhase;
			buildActionMask = 2147483647;
			files = (
			);
			inputPaths = (
			);
			name = "[CP] Copy Pods Resources";
			outputPaths = (
			);
			runOnlyForDeploymentPostprocessing = 0;
			shellPath = /bin/sh;
			shellScript = "\"${SRCROOT}/Pods/Target Support Files/Pods-MovieNightTests/Pods-MovieNightTests-resources.sh\"\n";
			showEnvVarsInLog = 0;
		};
		F195EF4387879771AAF43189 /* [CP] Copy Pods Resources */ = {
			isa = PBXShellScriptBuildPhase;
			buildActionMask = 2147483647;
			files = (
			);
			inputPaths = (
			);
			name = "[CP] Copy Pods Resources";
			outputPaths = (
			);
			runOnlyForDeploymentPostprocessing = 0;
			shellPath = /bin/sh;
			shellScript = "\"${SRCROOT}/Pods/Target Support Files/Pods-MovieNightUITests/Pods-MovieNightUITests-resources.sh\"\n";
			showEnvVarsInLog = 0;
		};
		F484544833F4CA302C4AF4B6 /* [CP] Embed Pods Frameworks */ = {
			isa = PBXShellScriptBuildPhase;
			buildActionMask = 2147483647;
			files = (
			);
			inputPaths = (
			);
			name = "[CP] Embed Pods Frameworks";
			outputPaths = (
			);
			runOnlyForDeploymentPostprocessing = 0;
			shellPath = /bin/sh;
			shellScript = "\"${SRCROOT}/Pods/Target Support Files/Pods-MovieNightUITests/Pods-MovieNightUITests-frameworks.sh\"\n";
			showEnvVarsInLog = 0;
		};
/* End PBXShellScriptBuildPhase section */

/* Begin PBXSourcesBuildPhase section */
		6BD984EE1DFD893600CDA47F /* Sources */ = {
			isa = PBXSourcesBuildPhase;
			buildActionMask = 2147483647;
			files = (
				6BD9855D1DFF489700CDA47F /* Model.swift in Sources */,
				6B28D5061E033D97006B19C5 /* PhotoListCell.swift in Sources */,
				6BD985241DFD8F1800CDA47F /* SetUpViewController.swift in Sources */,
				6BD9855F1DFF4A4100CDA47F /* PreferenceType.swift in Sources */,
				6BD9852C1DFDA63F00CDA47F /* EditUserDelegate.swift in Sources */,
				6BD985A71E0186A600CDA47F /* UIColorExtensions.swift in Sources */,
				6BD985431DFF189B00CDA47F /* TMBDAPIClient.swift in Sources */,
				6BD985531DFF18BB00CDA47F /* Person.swift in Sources */,
				6BD9853D1DFF188100CDA47F /* DictionaryAddValuesFromDictionary.swift in Sources */,
				6BD984F61DFD893600CDA47F /* AppDelegate.swift in Sources */,
				6B28D50A1E0429F8006B19C5 /* MyColors.swift in Sources */,
				6BD9855B1DFF480200CDA47F /* UserSelection.swift in Sources */,
				6B28D4F41E03092B006B19C5 /* ListViewController.swift in Sources */,
				6BD985571DFF18F300CDA47F /* JSONInitable.swift in Sources */,
				6BD9853C1DFF188100CDA47F /* DateExtensions.swift in Sources */,
				6B28D4FE1E0334FA006B19C5 /* PreferenceCell.swift in Sources */,
				6B28D50E1E042B82006B19C5 /* SoundManager.swift in Sources */,
				6B28D4FA1E030BD5006B19C5 /* Listable.swift in Sources */,
				6BD9854E1DFF18BB00CDA47F /* Key.swift in Sources */,
				6B28D5021E033A53006B19C5 /* PhotoListViewController.swift in Sources */,
				6BBB37B11E06CAD400A2E367 /* ProcessingViewController.swift in Sources */,
				6B28D5211E0578CA006B19C5 /* MovieDetailViewController.swift in Sources */,
				6BB0A5F41E077BF1009E816A /* ResultsViewController.swift in Sources */,
				6BD9852A1DFDA62F00CDA47F /* EditUserViewController.swift in Sources */,
				6B28D5191E04DB3E006B19C5 /* UIViewExtensions.swift in Sources */,
				6BD985541DFF18BB00CDA47F /* DiscoverType.swift in Sources */,
				6B28D5171E04A1D1006B19C5 /* StringExtensions.swift in Sources */,
				6BBB37B31E06D10300A2E367 /* MovieListViewController.swift in Sources */,
				6BD985451DFF189B00CDA47F /* Parseable.swift in Sources */,
				6BD985261DFD8F3F00CDA47F /* SetUpTableViewCell.swift in Sources */,
				6BD985421DFF189B00CDA47F /* APIClient.swift in Sources */,
				6BD985281DFD904000CDA47F /* UserDefaultsKey.swift in Sources */,
				6B28D51D1E05698D006B19C5 /* ResultPriority.swift in Sources */,
				6B28D4FC1E0326D3006B19C5 /* ListCell.swift in Sources */,
				6B28D5081E03A2EE006B19C5 /* UIImageExtensions.swift in Sources */,
				6BD9859F1DFF4E8400CDA47F /* UserSelectionDelegate.swift in Sources */,
				6BD985521DFF18BB00CDA47F /* Movie.swift in Sources */,
				6BD985551DFF18BB00CDA47F /* HasHTTPParameters.swift in Sources */,
				6BD9852E1DFE526300CDA47F /* PassDeviceViewController.swift in Sources */,
				6B28D5041E033A8C006B19C5 /* PhotoListable.swift in Sources */,
				6BD985A31E00401600CDA47F /* UserNameDelegate.swift in Sources */,
				6BD985441DFF189B00CDA47F /* TMBDEndpoint.swift in Sources */,
				6B28D51B1E055942006B19C5 /* PrioritizableResult.swift in Sources */,
				6BD985611DFF4B1200CDA47F /* PreferenceTypeListViewController.swift in Sources */,
				6B28D5151E047FA7006B19C5 /* MovieCell.swift in Sources */,
				6BD9854F1DFF18BB00CDA47F /* MovieEra.swift in Sources */,
				6BD985511DFF18BB00CDA47F /* Genre.swift in Sources */,
			);
			runOnlyForDeploymentPostprocessing = 0;
		};
		6BD985021DFD893600CDA47F /* Sources */ = {
			isa = PBXSourcesBuildPhase;
			buildActionMask = 2147483647;
			files = (
				6BD9850B1DFD893600CDA47F /* MovieNightTests.swift in Sources */,
			);
			runOnlyForDeploymentPostprocessing = 0;
		};
		6BD9850D1DFD893600CDA47F /* Sources */ = {
			isa = PBXSourcesBuildPhase;
			buildActionMask = 2147483647;
			files = (
				6BD985161DFD893600CDA47F /* MovieNightUITests.swift in Sources */,
			);
			runOnlyForDeploymentPostprocessing = 0;
		};
/* End PBXSourcesBuildPhase section */

/* Begin PBXTargetDependency section */
		6BD985081DFD893600CDA47F /* PBXTargetDependency */ = {
			isa = PBXTargetDependency;
			target = 6BD984F11DFD893600CDA47F /* MovieNight */;
			targetProxy = 6BD985071DFD893600CDA47F /* PBXContainerItemProxy */;
		};
		6BD985131DFD893600CDA47F /* PBXTargetDependency */ = {
			isa = PBXTargetDependency;
			target = 6BD984F11DFD893600CDA47F /* MovieNight */;
			targetProxy = 6BD985121DFD893600CDA47F /* PBXContainerItemProxy */;
		};
/* End PBXTargetDependency section */

/* Begin PBXVariantGroup section */
		6BD984F91DFD893600CDA47F /* Main.storyboard */ = {
			isa = PBXVariantGroup;
			children = (
				6BD984FA1DFD893600CDA47F /* Base */,
			);
			name = Main.storyboard;
			sourceTree = "<group>";
		};
		6BD984FE1DFD893600CDA47F /* LaunchScreen.storyboard */ = {
			isa = PBXVariantGroup;
			children = (
				6BD984FF1DFD893600CDA47F /* Base */,
			);
			name = LaunchScreen.storyboard;
			sourceTree = "<group>";
		};
/* End PBXVariantGroup section */

/* Begin XCBuildConfiguration section */
		6BD985181DFD893700CDA47F /* Debug */ = {
			isa = XCBuildConfiguration;
			buildSettings = {
				ALWAYS_SEARCH_USER_PATHS = NO;
				CLANG_ANALYZER_NONNULL = YES;
				CLANG_CXX_LANGUAGE_STANDARD = "gnu++0x";
				CLANG_CXX_LIBRARY = "libc++";
				CLANG_ENABLE_MODULES = YES;
				CLANG_ENABLE_OBJC_ARC = YES;
				CLANG_WARN_BOOL_CONVERSION = YES;
				CLANG_WARN_CONSTANT_CONVERSION = YES;
				CLANG_WARN_DIRECT_OBJC_ISA_USAGE = YES_ERROR;
				CLANG_WARN_DOCUMENTATION_COMMENTS = YES;
				CLANG_WARN_EMPTY_BODY = YES;
				CLANG_WARN_ENUM_CONVERSION = YES;
				CLANG_WARN_INFINITE_RECURSION = YES;
				CLANG_WARN_INT_CONVERSION = YES;
				CLANG_WARN_OBJC_ROOT_CLASS = YES_ERROR;
				CLANG_WARN_SUSPICIOUS_MOVES = YES;
				CLANG_WARN_UNREACHABLE_CODE = YES;
				CLANG_WARN__DUPLICATE_METHOD_MATCH = YES;
				"CODE_SIGN_IDENTITY[sdk=iphoneos*]" = "iPhone Developer";
				COPY_PHASE_STRIP = NO;
				DEBUG_INFORMATION_FORMAT = dwarf;
				ENABLE_STRICT_OBJC_MSGSEND = YES;
				ENABLE_TESTABILITY = YES;
				GCC_C_LANGUAGE_STANDARD = gnu99;
				GCC_DYNAMIC_NO_PIC = NO;
				GCC_NO_COMMON_BLOCKS = YES;
				GCC_OPTIMIZATION_LEVEL = 0;
				GCC_PREPROCESSOR_DEFINITIONS = (
					"DEBUG=1",
					"$(inherited)",
				);
				GCC_WARN_64_TO_32_BIT_CONVERSION = YES;
				GCC_WARN_ABOUT_RETURN_TYPE = YES_ERROR;
				GCC_WARN_UNDECLARED_SELECTOR = YES;
				GCC_WARN_UNINITIALIZED_AUTOS = YES_AGGRESSIVE;
				GCC_WARN_UNUSED_FUNCTION = YES;
				GCC_WARN_UNUSED_VARIABLE = YES;
				IPHONEOS_DEPLOYMENT_TARGET = 10.0;
				MTL_ENABLE_DEBUG_INFO = YES;
				ONLY_ACTIVE_ARCH = YES;
				SDKROOT = iphoneos;
				SWIFT_ACTIVE_COMPILATION_CONDITIONS = DEBUG;
				SWIFT_OPTIMIZATION_LEVEL = "-Onone";
			};
			name = Debug;
		};
		6BD985191DFD893700CDA47F /* Release */ = {
			isa = XCBuildConfiguration;
			buildSettings = {
				ALWAYS_SEARCH_USER_PATHS = NO;
				CLANG_ANALYZER_NONNULL = YES;
				CLANG_CXX_LANGUAGE_STANDARD = "gnu++0x";
				CLANG_CXX_LIBRARY = "libc++";
				CLANG_ENABLE_MODULES = YES;
				CLANG_ENABLE_OBJC_ARC = YES;
				CLANG_WARN_BOOL_CONVERSION = YES;
				CLANG_WARN_CONSTANT_CONVERSION = YES;
				CLANG_WARN_DIRECT_OBJC_ISA_USAGE = YES_ERROR;
				CLANG_WARN_DOCUMENTATION_COMMENTS = YES;
				CLANG_WARN_EMPTY_BODY = YES;
				CLANG_WARN_ENUM_CONVERSION = YES;
				CLANG_WARN_INFINITE_RECURSION = YES;
				CLANG_WARN_INT_CONVERSION = YES;
				CLANG_WARN_OBJC_ROOT_CLASS = YES_ERROR;
				CLANG_WARN_SUSPICIOUS_MOVES = YES;
				CLANG_WARN_UNREACHABLE_CODE = YES;
				CLANG_WARN__DUPLICATE_METHOD_MATCH = YES;
				"CODE_SIGN_IDENTITY[sdk=iphoneos*]" = "iPhone Developer";
				COPY_PHASE_STRIP = NO;
				DEBUG_INFORMATION_FORMAT = "dwarf-with-dsym";
				ENABLE_NS_ASSERTIONS = NO;
				ENABLE_STRICT_OBJC_MSGSEND = YES;
				GCC_C_LANGUAGE_STANDARD = gnu99;
				GCC_NO_COMMON_BLOCKS = YES;
				GCC_WARN_64_TO_32_BIT_CONVERSION = YES;
				GCC_WARN_ABOUT_RETURN_TYPE = YES_ERROR;
				GCC_WARN_UNDECLARED_SELECTOR = YES;
				GCC_WARN_UNINITIALIZED_AUTOS = YES_AGGRESSIVE;
				GCC_WARN_UNUSED_FUNCTION = YES;
				GCC_WARN_UNUSED_VARIABLE = YES;
				IPHONEOS_DEPLOYMENT_TARGET = 10.0;
				MTL_ENABLE_DEBUG_INFO = NO;
				SDKROOT = iphoneos;
				SWIFT_OPTIMIZATION_LEVEL = "-Owholemodule";
				VALIDATE_PRODUCT = YES;
			};
			name = Release;
		};
		6BD9851B1DFD893700CDA47F /* Debug */ = {
			isa = XCBuildConfiguration;
			baseConfigurationReference = 3FC23BA52758600A58478ECF /* Pods-MovieNight.debug.xcconfig */;
			buildSettings = {
				ASSETCATALOG_COMPILER_APPICON_NAME = AppIcon;
				DEVELOPMENT_TEAM = 646297YD5V;
				INFOPLIST_FILE = MovieNight/Info.plist;
				LD_RUNPATH_SEARCH_PATHS = "$(inherited) @executable_path/Frameworks";
				PRODUCT_BUNDLE_IDENTIFIER = com.redBred.MovieNight;
				PRODUCT_NAME = "$(TARGET_NAME)";
				SWIFT_VERSION = 3.0;
			};
			name = Debug;
		};
		6BD9851C1DFD893700CDA47F /* Release */ = {
			isa = XCBuildConfiguration;
			baseConfigurationReference = 632020CAD514E61208AF8597 /* Pods-MovieNight.release.xcconfig */;
			buildSettings = {
				ASSETCATALOG_COMPILER_APPICON_NAME = AppIcon;
				DEVELOPMENT_TEAM = 646297YD5V;
				INFOPLIST_FILE = MovieNight/Info.plist;
				LD_RUNPATH_SEARCH_PATHS = "$(inherited) @executable_path/Frameworks";
				PRODUCT_BUNDLE_IDENTIFIER = com.redBred.MovieNight;
				PRODUCT_NAME = "$(TARGET_NAME)";
				SWIFT_VERSION = 3.0;
			};
			name = Release;
		};
		6BD9851E1DFD893700CDA47F /* Debug */ = {
			isa = XCBuildConfiguration;
			baseConfigurationReference = 7D08C868A6EB1E88B827FB79 /* Pods-MovieNightTests.debug.xcconfig */;
			buildSettings = {
				ALWAYS_EMBED_SWIFT_STANDARD_LIBRARIES = YES;
				BUNDLE_LOADER = "$(TEST_HOST)";
				DEVELOPMENT_TEAM = 646297YD5V;
				INFOPLIST_FILE = MovieNightTests/Info.plist;
				LD_RUNPATH_SEARCH_PATHS = "$(inherited) @executable_path/Frameworks @loader_path/Frameworks";
				PRODUCT_BUNDLE_IDENTIFIER = com.redBred.MovieNightTests;
				PRODUCT_NAME = "$(TARGET_NAME)";
				SWIFT_VERSION = 3.0;
				TEST_HOST = "$(BUILT_PRODUCTS_DIR)/MovieNight.app/MovieNight";
			};
			name = Debug;
		};
		6BD9851F1DFD893700CDA47F /* Release */ = {
			isa = XCBuildConfiguration;
			baseConfigurationReference = 5CE7726067EF64EEC4941436 /* Pods-MovieNightTests.release.xcconfig */;
			buildSettings = {
				ALWAYS_EMBED_SWIFT_STANDARD_LIBRARIES = YES;
				BUNDLE_LOADER = "$(TEST_HOST)";
				DEVELOPMENT_TEAM = 646297YD5V;
				INFOPLIST_FILE = MovieNightTests/Info.plist;
				LD_RUNPATH_SEARCH_PATHS = "$(inherited) @executable_path/Frameworks @loader_path/Frameworks";
				PRODUCT_BUNDLE_IDENTIFIER = com.redBred.MovieNightTests;
				PRODUCT_NAME = "$(TARGET_NAME)";
				SWIFT_VERSION = 3.0;
				TEST_HOST = "$(BUILT_PRODUCTS_DIR)/MovieNight.app/MovieNight";
			};
			name = Release;
		};
		6BD985211DFD893700CDA47F /* Debug */ = {
			isa = XCBuildConfiguration;
			baseConfigurationReference = 36BE297DBB9DF3931B5D3450 /* Pods-MovieNightUITests.debug.xcconfig */;
			buildSettings = {
				ALWAYS_EMBED_SWIFT_STANDARD_LIBRARIES = YES;
				DEVELOPMENT_TEAM = 646297YD5V;
				INFOPLIST_FILE = MovieNightUITests/Info.plist;
				LD_RUNPATH_SEARCH_PATHS = "$(inherited) @executable_path/Frameworks @loader_path/Frameworks";
				PRODUCT_BUNDLE_IDENTIFIER = com.redBred.MovieNightUITests;
				PRODUCT_NAME = "$(TARGET_NAME)";
				SWIFT_VERSION = 3.0;
				TEST_TARGET_NAME = MovieNight;
			};
			name = Debug;
		};
		6BD985221DFD893700CDA47F /* Release */ = {
			isa = XCBuildConfiguration;
			baseConfigurationReference = 18B2267CD7BE7780749D313A /* Pods-MovieNightUITests.release.xcconfig */;
			buildSettings = {
				ALWAYS_EMBED_SWIFT_STANDARD_LIBRARIES = YES;
				DEVELOPMENT_TEAM = 646297YD5V;
				INFOPLIST_FILE = MovieNightUITests/Info.plist;
				LD_RUNPATH_SEARCH_PATHS = "$(inherited) @executable_path/Frameworks @loader_path/Frameworks";
				PRODUCT_BUNDLE_IDENTIFIER = com.redBred.MovieNightUITests;
				PRODUCT_NAME = "$(TARGET_NAME)";
				SWIFT_VERSION = 3.0;
				TEST_TARGET_NAME = MovieNight;
			};
			name = Release;
		};
/* End XCBuildConfiguration section */

/* Begin XCConfigurationList section */
		6BD984ED1DFD893600CDA47F /* Build configuration list for PBXProject "MovieNight" */ = {
			isa = XCConfigurationList;
			buildConfigurations = (
				6BD985181DFD893700CDA47F /* Debug */,
				6BD985191DFD893700CDA47F /* Release */,
			);
			defaultConfigurationIsVisible = 0;
			defaultConfigurationName = Release;
		};
		6BD9851A1DFD893700CDA47F /* Build configuration list for PBXNativeTarget "MovieNight" */ = {
			isa = XCConfigurationList;
			buildConfigurations = (
				6BD9851B1DFD893700CDA47F /* Debug */,
				6BD9851C1DFD893700CDA47F /* Release */,
			);
			defaultConfigurationIsVisible = 0;
			defaultConfigurationName = Release;
		};
		6BD9851D1DFD893700CDA47F /* Build configuration list for PBXNativeTarget "MovieNightTests" */ = {
			isa = XCConfigurationList;
			buildConfigurations = (
				6BD9851E1DFD893700CDA47F /* Debug */,
				6BD9851F1DFD893700CDA47F /* Release */,
			);
			defaultConfigurationIsVisible = 0;
			defaultConfigurationName = Release;
		};
		6BD985201DFD893700CDA47F /* Build configuration list for PBXNativeTarget "MovieNightUITests" */ = {
			isa = XCConfigurationList;
			buildConfigurations = (
				6BD985211DFD893700CDA47F /* Debug */,
				6BD985221DFD893700CDA47F /* Release */,
			);
			defaultConfigurationIsVisible = 0;
			defaultConfigurationName = Release;
		};
/* End XCConfigurationList section */
	};
	rootObject = 6BD984EA1DFD893600CDA47F /* Project object */;
}
